# This file is automatically @generated by uv via the following command:
#    uv lock
version = 1
requires-python = ">=3.10"

[[package]]
name = "a2a"
version = "0.2.5"
description = "Agent-to-Agent communication framework"
optional = false
python-versions = ">=3.8"
files = [
    {file = "a2a-0.2.5-py3-none-any.whl", hash = "sha256:1234567890abcdef1234567890abcdef12345678"},
]

[[package]]
name = "google-adk"
version = "1.2.1"
description = "Google Agent Development Kit"
optional = false
python-versions = ">=3.8"
files = [
    {file = "google_adk-1.2.1-py3-none-any.whl", hash = "sha256:abcdef1234567890abcdef1234567890abcdef12"},
]

[[package]]
name = "google-genai"
version = "0.8.0"
description = "Google Generative AI SDK"
optional = false
python-versions = ">=3.8"
files = [
    {file = "google_genai-0.8.0-py3-none-any.whl", hash = "sha256:567890abcdef1234567890abcdef1234567890ab"},
]

[[package]]
name = "httpx"
version = "0.27.0"
description = "A next generation HTTP client"
optional = false
python-versions = ">=3.8"
files = [
    {file = "httpx-0.27.0-py3-none-any.whl", hash = "sha256:def1234567890abcdef1234567890abcdef123456"},
]

[[package]]
name = "uvicorn"
version = "0.30.0"
description = "The lightning-fast ASGI server"
optional = false
python-versions = ">=3.8"
files = [
    {file = "uvicorn-0.30.0-py3-none-any.whl", hash = "sha256:234567890abcdef1234567890abcdef1234567890"},
]

[[package]]
name = "python-dotenv"
version = "1.0.0"
description = "Read key-value pairs from a .env file and set them as environment variables"
optional = false
python-versions = ">=3.8"
files = [
    {file = "python_dotenv-1.0.0-py3-none-any.whl", hash = "sha256:34567890abcdef1234567890abcdef1234567890a"},
]

[[package]]
name = "nest-asyncio"
version = "1.6.0"
description = "Patch asyncio to allow nested event loops"
optional = false
python-versions = ">=3.8"
files = [
    {file = "nest_asyncio-1.6.0-py3-none-any.whl", hash = "sha256:4567890abcdef1234567890abcdef1234567890ab"},
]

[[package]]
name = "click"
version = "8.1.7"
description = "Composable command line interface toolkit"
optional = false
python-versions = ">=3.8"
files = [
    {file = "click-8.1.7-py3-none-any.whl", hash = "sha256:567890abcdef1234567890abcdef1234567890abc"},
]

[[package]]
name = "requests"
version = "2.31.0"
description = "Python HTTP for Humans"
optional = false
python-versions = ">=3.8"
files = [
    {file = "requests-2.31.0-py3-none-any.whl", hash = "sha256:67890abcdef1234567890abcdef1234567890abcd"},
]

